// !$*UTF8*$!
{
	archiveVersion = 1;
	classes = {
	};
	objectVersion = 56;
	objects = {

/* Begin PBXBuildFile section */
		AA5D82972ABDAD1300D56CB5 /* Color.swift in Sources */ = {isa = PBXBuildFile; fileRef = AA5D82962ABDAD1300D56CB5 /* Color.swift */; };
		AA5D82992ABDB36000D56CB5 /* FrontPage.swift in Sources */ = {isa = PBXBuildFile; fileRef = AA5D82982ABDB36000D56CB5 /* FrontPage.swift */; };
		AA5D829B2ABDB5F200D56CB5 /* GameSetupView.swift in Sources */ = {isa = PBXBuildFile; fileRef = AA5D829A2ABDB5F200D56CB5 /* GameSetupView.swift */; };
		AA5D829D2ABDBD2900D56CB5 /* MultipeerVM.swift in Sources */ = {isa = PBXBuildFile; fileRef = AA5D829C2ABDBD2900D56CB5 /* MultipeerVM.swift */; };
		AA5D829F2ABDD61200D56CB5 /* ShowInputOrEndView.swift in Sources */ = {isa = PBXBuildFile; fileRef = AA5D829E2ABDD61200D56CB5 /* ShowInputOrEndView.swift */; };
		AA5D82A12ABDE17F00D56CB5 /* MPPeersView.swift in Sources */ = {isa = PBXBuildFile; fileRef = AA5D82A02ABDE17F00D56CB5 /* MPPeersView.swift */; };
		AA5D82A32AC2EF2300D56CB5 /* MarkingView.swift in Sources */ = {isa = PBXBuildFile; fileRef = AA5D82A22AC2EF2300D56CB5 /* MarkingView.swift */; };
		AAD6265E2ABCD07B0070E6DB /* CategoriesApp.swift in Sources */ = {isa = PBXBuildFile; fileRef = AAD6265D2ABCD07B0070E6DB /* CategoriesApp.swift */; };
		AAD626622ABCD07C0070E6DB /* Assets.xcassets in Resources */ = {isa = PBXBuildFile; fileRef = AAD626612ABCD07C0070E6DB /* Assets.xcassets */; };
		AAD626652ABCD07C0070E6DB /* Preview Assets.xcassets in Resources */ = {isa = PBXBuildFile; fileRef = AAD626642ABCD07C0070E6DB /* Preview Assets.xcassets */; };
		AAD6266C2ABCD0930070E6DB /* InputView.swift in Sources */ = {isa = PBXBuildFile; fileRef = AAD6266B2ABCD0930070E6DB /* InputView.swift */; };
		AAD626702ABD90C00070E6DB /* GameModels.swift in Sources */ = {isa = PBXBuildFile; fileRef = AAD6266F2ABD90C00070E6DB /* GameModels.swift */; };
		AAD626732ABD95140070E6DB /* Array.swift in Sources */ = {isa = PBXBuildFile; fileRef = AAD626722ABD95140070E6DB /* Array.swift */; };
		AAD626762ABD95FE0070E6DB /* GameVM.swift in Sources */ = {isa = PBXBuildFile; fileRef = AAD626752ABD95FE0070E6DB /* GameVM.swift */; };
/* End PBXBuildFile section */

/* Begin PBXFileReference section */
		AA5D82962ABDAD1300D56CB5 /* Color.swift */ = {isa = PBXFileReference; lastKnownFileType = sourcecode.swift; path = Color.swift; sourceTree = "<group>"; };
		AA5D82982ABDB36000D56CB5 /* FrontPage.swift */ = {isa = PBXFileReference; lastKnownFileType = sourcecode.swift; path = FrontPage.swift; sourceTree = "<group>"; };
		AA5D829A2ABDB5F200D56CB5 /* GameSetupView.swift */ = {isa = PBXFileReference; lastKnownFileType = sourcecode.swift; path = GameSetupView.swift; sourceTree = "<group>"; };
		AA5D829C2ABDBD2900D56CB5 /* MultipeerVM.swift */ = {isa = PBXFileReference; lastKnownFileType = sourcecode.swift; path = MultipeerVM.swift; sourceTree = "<group>"; };
		AA5D829E2ABDD61200D56CB5 /* ShowInputOrEndView.swift */ = {isa = PBXFileReference; lastKnownFileType = sourcecode.swift; path = ShowInputOrEndView.swift; sourceTree = "<group>"; };
		AA5D82A02ABDE17F00D56CB5 /* MPPeersView.swift */ = {isa = PBXFileReference; lastKnownFileType = sourcecode.swift; path = MPPeersView.swift; sourceTree = "<group>"; };
		AA5D82A22AC2EF2300D56CB5 /* MarkingView.swift */ = {isa = PBXFileReference; lastKnownFileType = sourcecode.swift; path = MarkingView.swift; sourceTree = "<group>"; };
		AAD6265A2ABCD07B0070E6DB /* Categories.app */ = {isa = PBXFileReference; explicitFileType = wrapper.application; includeInIndex = 0; path = Categories.app; sourceTree = BUILT_PRODUCTS_DIR; };
		AAD6265D2ABCD07B0070E6DB /* CategoriesApp.swift */ = {isa = PBXFileReference; lastKnownFileType = sourcecode.swift; path = CategoriesApp.swift; sourceTree = "<group>"; };
		AAD626612ABCD07C0070E6DB /* Assets.xcassets */ = {isa = PBXFileReference; lastKnownFileType = folder.assetcatalog; path = Assets.xcassets; sourceTree = "<group>"; };
		AAD626642ABCD07C0070E6DB /* Preview Assets.xcassets */ = {isa = PBXFileReference; lastKnownFileType = folder.assetcatalog; path = "Preview Assets.xcassets"; sourceTree = "<group>"; };
		AAD6266B2ABCD0930070E6DB /* InputView.swift */ = {isa = PBXFileReference; lastKnownFileType = sourcecode.swift; path = InputView.swift; sourceTree = "<group>"; };
		AAD6266F2ABD90C00070E6DB /* GameModels.swift */ = {isa = PBXFileReference; lastKnownFileType = sourcecode.swift; path = GameModels.swift; sourceTree = "<group>"; };
		AAD626722ABD95140070E6DB /* Array.swift */ = {isa = PBXFileReference; lastKnownFileType = sourcecode.swift; path = Array.swift; sourceTree = "<group>"; };
		AAD626752ABD95FE0070E6DB /* GameVM.swift */ = {isa = PBXFileReference; lastKnownFileType = sourcecode.swift; path = GameVM.swift; sourceTree = "<group>"; };
/* End PBXFileReference section */

/* Begin PBXFrameworksBuildPhase section */
		AAD626572ABCD07B0070E6DB /* Frameworks */ = {
			isa = PBXFrameworksBuildPhase;
			buildActionMask = 2147483647;
			files = (
			);
			runOnlyForDeploymentPostprocessing = 0;
		};
/* End PBXFrameworksBuildPhase section */

/* Begin PBXGroup section */
		AAD626512ABCD07B0070E6DB = {
			isa = PBXGroup;
			children = (
				AAD6265C2ABCD07B0070E6DB /* Categories */,
				AAD6265B2ABCD07B0070E6DB /* Products */,
			);
			sourceTree = "<group>";
		};
		AAD6265B2ABCD07B0070E6DB /* Products */ = {
			isa = PBXGroup;
			children = (
				AAD6265A2ABCD07B0070E6DB /* Categories.app */,
			);
			name = Products;
			sourceTree = "<group>";
		};
		AAD6265C2ABCD07B0070E6DB /* Categories */ = {
			isa = PBXGroup;
			children = (
				AAD6265D2ABCD07B0070E6DB /* CategoriesApp.swift */,
				AA5D82982ABDB36000D56CB5 /* FrontPage.swift */,
				AAD6266D2ABD907C0070E6DB /* Views */,
				AAD626742ABD95E80070E6DB /* ViewModel */,
				AAD6266E2ABD90820070E6DB /* Models */,
				AAD626712ABD95040070E6DB /* Extensions */,
				AAD626612ABCD07C0070E6DB /* Assets.xcassets */,
				AAD626632ABCD07C0070E6DB /* Preview Content */,
			);
			path = Categories;
			sourceTree = "<group>";
		};
		AAD626632ABCD07C0070E6DB /* Preview Content */ = {
			isa = PBXGroup;
			children = (
				AAD626642ABCD07C0070E6DB /* Preview Assets.xcassets */,
			);
			path = "Preview Content";
			sourceTree = "<group>";
		};
		AAD6266D2ABD907C0070E6DB /* Views */ = {
			isa = PBXGroup;
			children = (
				AA5D829A2ABDB5F200D56CB5 /* GameSetupView.swift */,
				AA5D82A02ABDE17F00D56CB5 /* MPPeersView.swift */,
				AA5D829E2ABDD61200D56CB5 /* ShowInputOrEndView.swift */,
				AAD6266B2ABCD0930070E6DB /* InputView.swift */,
				AA5D82A22AC2EF2300D56CB5 /* MarkingView.swift */,
			);
			path = Views;
			sourceTree = "<group>";
		};
		AAD6266E2ABD90820070E6DB /* Models */ = {
			isa = PBXGroup;
			children = (
				AAD6266F2ABD90C00070E6DB /* GameModels.swift */,
			);
			path = Models;
			sourceTree = "<group>";
		};
		AAD626712ABD95040070E6DB /* Extensions */ = {
			isa = PBXGroup;
			children = (
				AAD626722ABD95140070E6DB /* Array.swift */,
				AA5D82962ABDAD1300D56CB5 /* Color.swift */,
			);
			path = Extensions;
			sourceTree = "<group>";
		};
		AAD626742ABD95E80070E6DB /* ViewModel */ = {
			isa = PBXGroup;
			children = (
				AAD626752ABD95FE0070E6DB /* GameVM.swift */,
				AA5D829C2ABDBD2900D56CB5 /* MultipeerVM.swift */,
			);
			path = ViewModel;
			sourceTree = "<group>";
		};
/* End PBXGroup section */

/* Begin PBXNativeTarget section */
		AAD626592ABCD07B0070E6DB /* Categories */ = {
			isa = PBXNativeTarget;
			buildConfigurationList = AAD626682ABCD07C0070E6DB /* Build configuration list for PBXNativeTarget "Categories" */;
			buildPhases = (
				AAD626562ABCD07B0070E6DB /* Sources */,
				AAD626572ABCD07B0070E6DB /* Frameworks */,
				AAD626582ABCD07B0070E6DB /* Resources */,
			);
			buildRules = (
			);
			dependencies = (
			);
			name = Categories;
			productName = Categories;
			productReference = AAD6265A2ABCD07B0070E6DB /* Categories.app */;
			productType = "com.apple.product-type.application";
		};
/* End PBXNativeTarget section */

/* Begin PBXProject section */
		AAD626522ABCD07B0070E6DB /* Project object */ = {
			isa = PBXProject;
			attributes = {
				BuildIndependentTargetsInParallel = 1;
				LastSwiftUpdateCheck = 1500;
				LastUpgradeCheck = 1500;
				TargetAttributes = {
					AAD626592ABCD07B0070E6DB = {
						CreatedOnToolsVersion = 15.0;
					};
				};
			};
			buildConfigurationList = AAD626552ABCD07B0070E6DB /* Build configuration list for PBXProject "Categories" */;
			compatibilityVersion = "Xcode 14.0";
			developmentRegion = en;
			hasScannedForEncodings = 0;
			knownRegions = (
				en,
				Base,
			);
			mainGroup = AAD626512ABCD07B0070E6DB;
			productRefGroup = AAD6265B2ABCD07B0070E6DB /* Products */;
			projectDirPath = "";
			projectRoot = "";
			targets = (
				AAD626592ABCD07B0070E6DB /* Categories */,
			);
		};
/* End PBXProject section */

/* Begin PBXResourcesBuildPhase section */
		AAD626582ABCD07B0070E6DB /* Resources */ = {
			isa = PBXResourcesBuildPhase;
			buildActionMask = 2147483647;
			files = (
				AAD626652ABCD07C0070E6DB /* Preview Assets.xcassets in Resources */,
				AAD626622ABCD07C0070E6DB /* Assets.xcassets in Resources */,
			);
			runOnlyForDeploymentPostprocessing = 0;
		};
/* End PBXResourcesBuildPhase section */

/* Begin PBXSourcesBuildPhase section */
		AAD626562ABCD07B0070E6DB /* Sources */ = {
			isa = PBXSourcesBuildPhase;
			buildActionMask = 2147483647;
			files = (
				AAD626762ABD95FE0070E6DB /* GameVM.swift in Sources */,
				AA5D82A12ABDE17F00D56CB5 /* MPPeersView.swift in Sources */,
				AA5D82992ABDB36000D56CB5 /* FrontPage.swift in Sources */,
				AAD6266C2ABCD0930070E6DB /* InputView.swift in Sources */,
				AA5D82A32AC2EF2300D56CB5 /* MarkingView.swift in Sources */,
				AA5D82972ABDAD1300D56CB5 /* Color.swift in Sources */,
				AA5D829B2ABDB5F200D56CB5 /* GameSetupView.swift in Sources */,
				AA5D829D2ABDBD2900D56CB5 /* MultipeerVM.swift in Sources */,
				AAD626732ABD95140070E6DB /* Array.swift in Sources */,
				AAD626702ABD90C00070E6DB /* GameModels.swift in Sources */,
				AAD6265E2ABCD07B0070E6DB /* CategoriesApp.swift in Sources */,
				AA5D829F2ABDD61200D56CB5 /* ShowInputOrEndView.swift in Sources */,
			);
			runOnlyForDeploymentPostprocessing = 0;
		};
/* End PBXSourcesBuildPhase section */

/* Begin XCBuildConfiguration section */
		AAD626662ABCD07C0070E6DB /* Debug */ = {
			isa = XCBuildConfiguration;
			buildSettings = {
				ALWAYS_SEARCH_USER_PATHS = NO;
				ASSETCATALOG_COMPILER_GENERATE_SWIFT_ASSET_SYMBOL_EXTENSIONS = YES;
				CLANG_ANALYZER_NONNULL = YES;
				CLANG_ANALYZER_NUMBER_OBJECT_CONVERSION = YES_AGGRESSIVE;
				CLANG_CXX_LANGUAGE_STANDARD = "gnu++20";
				CLANG_ENABLE_MODULES = YES;
				CLANG_ENABLE_OBJC_ARC = YES;
				CLANG_ENABLE_OBJC_WEAK = YES;
				CLANG_WARN_BLOCK_CAPTURE_AUTORELEASING = YES;
				CLANG_WARN_BOOL_CONVERSION = YES;
				CLANG_WARN_COMMA = YES;
				CLANG_WARN_CONSTANT_CONVERSION = YES;
				CLANG_WARN_DEPRECATED_OBJC_IMPLEMENTATIONS = YES;
				CLANG_WARN_DIRECT_OBJC_ISA_USAGE = YES_ERROR;
				CLANG_WARN_DOCUMENTATION_COMMENTS = YES;
				CLANG_WARN_EMPTY_BODY = YES;
				CLANG_WARN_ENUM_CONVERSION = YES;
				CLANG_WARN_INFINITE_RECURSION = YES;
				CLANG_WARN_INT_CONVERSION = YES;
				CLANG_WARN_NON_LITERAL_NULL_CONVERSION = YES;
				CLANG_WARN_OBJC_IMPLICIT_RETAIN_SELF = YES;
				CLANG_WARN_OBJC_LITERAL_CONVERSION = YES;
				CLANG_WARN_OBJC_ROOT_CLASS = YES_ERROR;
				CLANG_WARN_QUOTED_INCLUDE_IN_FRAMEWORK_HEADER = YES;
				CLANG_WARN_RANGE_LOOP_ANALYSIS = YES;
				CLANG_WARN_STRICT_PROTOTYPES = YES;
				CLANG_WARN_SUSPICIOUS_MOVE = YES;
				CLANG_WARN_UNGUARDED_AVAILABILITY = YES_AGGRESSIVE;
				CLANG_WARN_UNREACHABLE_CODE = YES;
				CLANG_WARN__DUPLICATE_METHOD_MATCH = YES;
				COPY_PHASE_STRIP = NO;
				DEBUG_INFORMATION_FORMAT = dwarf;
				ENABLE_STRICT_OBJC_MSGSEND = YES;
				ENABLE_TESTABILITY = YES;
				ENABLE_USER_SCRIPT_SANDBOXING = YES;
				GCC_C_LANGUAGE_STANDARD = gnu17;
				GCC_DYNAMIC_NO_PIC = NO;
				GCC_NO_COMMON_BLOCKS = YES;
				GCC_OPTIMIZATION_LEVEL = 0;
				GCC_PREPROCESSOR_DEFINITIONS = (
					"DEBUG=1",
					"$(inherited)",
				);
				GCC_WARN_64_TO_32_BIT_CONVERSION = YES;
				GCC_WARN_ABOUT_RETURN_TYPE = YES_ERROR;
				GCC_WARN_UNDECLARED_SELECTOR = YES;
				GCC_WARN_UNINITIALIZED_AUTOS = YES_AGGRESSIVE;
				GCC_WARN_UNUSED_FUNCTION = YES;
				GCC_WARN_UNUSED_VARIABLE = YES;
				IPHONEOS_DEPLOYMENT_TARGET = 17.0;
				LOCALIZATION_PREFERS_STRING_CATALOGS = YES;
				MTL_ENABLE_DEBUG_INFO = INCLUDE_SOURCE;
				MTL_FAST_MATH = YES;
				ONLY_ACTIVE_ARCH = YES;
				SDKROOT = iphoneos;
				SWIFT_ACTIVE_COMPILATION_CONDITIONS = "DEBUG $(inherited)";
				SWIFT_OPTIMIZATION_LEVEL = "-Onone";
			};
			name = Debug;
		};
		AAD626672ABCD07C0070E6DB /* Release */ = {
			isa = XCBuildConfiguration;
			buildSettings = {
				ALWAYS_SEARCH_USER_PATHS = NO;
				ASSETCATALOG_COMPILER_GENERATE_SWIFT_ASSET_SYMBOL_EXTENSIONS = YES;
				CLANG_ANALYZER_NONNULL = YES;
				CLANG_ANALYZER_NUMBER_OBJECT_CONVERSION = YES_AGGRESSIVE;
				CLANG_CXX_LANGUAGE_STANDARD = "gnu++20";
				CLANG_ENABLE_MODULES = YES;
				CLANG_ENABLE_OBJC_ARC = YES;
				CLANG_ENABLE_OBJC_WEAK = YES;
				CLANG_WARN_BLOCK_CAPTURE_AUTORELEASING = YES;
				CLANG_WARN_BOOL_CONVERSION = YES;
				CLANG_WARN_COMMA = YES;
				CLANG_WARN_CONSTANT_CONVERSION = YES;
				CLANG_WARN_DEPRECATED_OBJC_IMPLEMENTATIONS = YES;
				CLANG_WARN_DIRECT_OBJC_ISA_USAGE = YES_ERROR;
				CLANG_WARN_DOCUMENTATION_COMMENTS = YES;
				CLANG_WARN_EMPTY_BODY = YES;
				CLANG_WARN_ENUM_CONVERSION = YES;
				CLANG_WARN_INFINITE_RECURSION = YES;
				CLANG_WARN_INT_CONVERSION = YES;
				CLANG_WARN_NON_LITERAL_NULL_CONVERSION = YES;
				CLANG_WARN_OBJC_IMPLICIT_RETAIN_SELF = YES;
				CLANG_WARN_OBJC_LITERAL_CONVERSION = YES;
				CLANG_WARN_OBJC_ROOT_CLASS = YES_ERROR;
				CLANG_WARN_QUOTED_INCLUDE_IN_FRAMEWORK_HEADER = YES;
				CLANG_WARN_RANGE_LOOP_ANALYSIS = YES;
				CLANG_WARN_STRICT_PROTOTYPES = YES;
				CLANG_WARN_SUSPICIOUS_MOVE = YES;
				CLANG_WARN_UNGUARDED_AVAILABILITY = YES_AGGRESSIVE;
				CLANG_WARN_UNREACHABLE_CODE = YES;
				CLANG_WARN__DUPLICATE_METHOD_MATCH = YES;
				COPY_PHASE_STRIP = NO;
				DEBUG_INFORMATION_FORMAT = "dwarf-with-dsym";
				ENABLE_NS_ASSERTIONS = NO;
				ENABLE_STRICT_OBJC_MSGSEND = YES;
				ENABLE_USER_SCRIPT_SANDBOXING = YES;
				GCC_C_LANGUAGE_STANDARD = gnu17;
				GCC_NO_COMMON_BLOCKS = YES;
				GCC_WARN_64_TO_32_BIT_CONVERSION = YES;
				GCC_WARN_ABOUT_RETURN_TYPE = YES_ERROR;
				GCC_WARN_UNDECLARED_SELECTOR = YES;
				GCC_WARN_UNINITIALIZED_AUTOS = YES_AGGRESSIVE;
				GCC_WARN_UNUSED_FUNCTION = YES;
				GCC_WARN_UNUSED_VARIABLE = YES;
				IPHONEOS_DEPLOYMENT_TARGET = 17.0;
				LOCALIZATION_PREFERS_STRING_CATALOGS = YES;
				MTL_ENABLE_DEBUG_INFO = NO;
				MTL_FAST_MATH = YES;
				SDKROOT = iphoneos;
				SWIFT_COMPILATION_MODE = wholemodule;
				VALIDATE_PRODUCT = YES;
			};
			name = Release;
		};
		AAD626692ABCD07C0070E6DB /* Debug */ = {
			isa = XCBuildConfiguration;
			buildSettings = {
				ASSETCATALOG_COMPILER_APPICON_NAME = AppIcon;
				ASSETCATALOG_COMPILER_GLOBAL_ACCENT_COLOR_NAME = AccentColor;
				CODE_SIGN_STYLE = Automatic;
				CURRENT_PROJECT_VERSION = 1;
				DEVELOPMENT_ASSET_PATHS = "\"Categories/Preview Content\"";
				DEVELOPMENT_TEAM = 4EDERT4V6A;
				ENABLE_PREVIEWS = YES;
				GENERATE_INFOPLIST_FILE = YES;
				INFOPLIST_KEY_UIApplicationSceneManifest_Generation = YES;
				INFOPLIST_KEY_UIApplicationSupportsIndirectInputEvents = YES;
				INFOPLIST_KEY_UILaunchScreen_Generation = YES;
				INFOPLIST_KEY_UISupportedInterfaceOrientations_iPad = "UIInterfaceOrientationPortrait UIInterfaceOrientationPortraitUpsideDown UIInterfaceOrientationLandscapeLeft UIInterfaceOrientationLandscapeRight";
				INFOPLIST_KEY_UISupportedInterfaceOrientations_iPhone = "UIInterfaceOrientationPortrait UIInterfaceOrientationLandscapeLeft UIInterfaceOrientationLandscapeRight";
				LD_RUNPATH_SEARCH_PATHS = (
					"$(inherited)",
					"@executable_path/Frameworks",
				);
				MARKETING_VERSION = 1.0;
				PRODUCT_BUNDLE_IDENTIFIER = com.stephenhanna.Categories;
				PRODUCT_NAME = "$(TARGET_NAME)";
				SWIFT_EMIT_LOC_STRINGS = YES;
				SWIFT_VERSION = 5.0;
				TARGETED_DEVICE_FAMILY = "1,2";
			};
			name = Debug;
		};
		AAD6266A2ABCD07C0070E6DB /* Release */ = {
			isa = XCBuildConfiguration;
			buildSettings = {
				ASSETCATALOG_COMPILER_APPICON_NAME = AppIcon;
				ASSETCATALOG_COMPILER_GLOBAL_ACCENT_COLOR_NAME = AccentColor;
				CODE_SIGN_STYLE = Automatic;
				CURRENT_PROJECT_VERSION = 1;
				DEVELOPMENT_ASSET_PATHS = "\"Categories/Preview Content\"";
				DEVELOPMENT_TEAM = 4EDERT4V6A;
				ENABLE_PREVIEWS = YES;
				GENERATE_INFOPLIST_FILE = YES;
				INFOPLIST_KEY_UIApplicationSceneManifest_Generation = YES;
				INFOPLIST_KEY_UIApplicationSupportsIndirectInputEvents = YES;
				INFOPLIST_KEY_UILaunchScreen_Generation = YES;
				INFOPLIST_KEY_UISupportedInterfaceOrientations_iPad = "UIInterfaceOrientationPortrait UIInterfaceOrientationPortraitUpsideDown UIInterfaceOrientationLandscapeLeft UIInterfaceOrientationLandscapeRight";
				INFOPLIST_KEY_UISupportedInterfaceOrientations_iPhone = "UIInterfaceOrientationPortrait UIInterfaceOrientationLandscapeLeft UIInterfaceOrientationLandscapeRight";
				LD_RUNPATH_SEARCH_PATHS = (
					"$(inherited)",
					"@executable_path/Frameworks",
				);
				MARKETING_VERSION = 1.0;
				PRODUCT_BUNDLE_IDENTIFIER = com.stephenhanna.Categories;
				PRODUCT_NAME = "$(TARGET_NAME)";
				SWIFT_EMIT_LOC_STRINGS = YES;
				SWIFT_VERSION = 5.0;
				TARGETED_DEVICE_FAMILY = "1,2";
			};
			name = Release;
		};
/* End XCBuildConfiguration section */

/* Begin XCConfigurationList section */
		AAD626552ABCD07B0070E6DB /* Build configuration list for PBXProject "Categories" */ = {
			isa = XCConfigurationList;
			buildConfigurations = (
				AAD626662ABCD07C0070E6DB /* Debug */,
				AAD626672ABCD07C0070E6DB /* Release */,
			);
			defaultConfigurationIsVisible = 0;
			defaultConfigurationName = Release;
		};
		AAD626682ABCD07C0070E6DB /* Build configuration list for PBXNativeTarget "Categories" */ = {
			isa = XCConfigurationList;
			buildConfigurations = (
				AAD626692ABCD07C0070E6DB /* Debug */,
				AAD6266A2ABCD07C0070E6DB /* Release */,
			);
			defaultConfigurationIsVisible = 0;
			defaultConfigurationName = Release;
		};
/* End XCConfigurationList section */
	};
	rootObject = AAD626522ABCD07B0070E6DB /* Project object */;
}
